// !$*UTF8*$!
{
	archiveVersion = 1;
	classes = {
	};
	objectVersion = 46;
	objects = {

/* Begin PBXBuildFile section */
		F15456BF1E9D8E06009F9131 /* AppDelegate.swift in Sources */ = {isa = PBXBuildFile; fileRef = F15456BE1E9D8E06009F9131 /* AppDelegate.swift */; };
		F15456C11E9D8E06009F9131 /* ViewController.swift in Sources */ = {isa = PBXBuildFile; fileRef = F15456C01E9D8E06009F9131 /* ViewController.swift */; };
		F15456C41E9D8E06009F9131 /* Main.storyboard in Resources */ = {isa = PBXBuildFile; fileRef = F15456C21E9D8E06009F9131 /* Main.storyboard */; };
		F15456C61E9D8E06009F9131 /* Assets.xcassets in Resources */ = {isa = PBXBuildFile; fileRef = F15456C51E9D8E06009F9131 /* Assets.xcassets */; };
		F15456C91E9D8E07009F9131 /* LaunchScreen.storyboard in Resources */ = {isa = PBXBuildFile; fileRef = F15456C71E9D8E07009F9131 /* LaunchScreen.storyboard */; };
		F15456D11E9D8E4F009F9131 /* FaceTracker.framework in Frameworks */ = {isa = PBXBuildFile; fileRef = F15456D01E9D8E4F009F9131 /* FaceTracker.framework */; };
		F15456D21E9D8E4F009F9131 /* FaceTracker.framework in Embed Frameworks */ = {isa = PBXBuildFile; fileRef = F15456D01E9D8E4F009F9131 /* FaceTracker.framework */; settings = {ATTRIBUTES = (CodeSignOnCopy, RemoveHeadersOnCopy, ); }; };
		F15456D91E9D8F99009F9131 /* masks.swift in Sources */ = {isa = PBXBuildFile; fileRef = F15456D41E9D8F99009F9131 /* masks.swift */; };
		F15456DA1E9D8F99009F9131 /* PlistHelper.swift in Sources */ = {isa = PBXBuildFile; fileRef = F15456D51E9D8F99009F9131 /* PlistHelper.swift */; };
		F15456DB1E9D8F99009F9131 /* extensionFacePoints.swift in Sources */ = {isa = PBXBuildFile; fileRef = F15456D61E9D8F99009F9131 /* extensionFacePoints.swift */; };
		F15456DC1E9D8F99009F9131 /* latestState.plist in Resources */ = {isa = PBXBuildFile; fileRef = F15456D71E9D8F99009F9131 /* latestState.plist */; };
		F15456DD1E9D8F99009F9131 /* MaskCollectionCell.swift in Sources */ = {isa = PBXBuildFile; fileRef = F15456D81E9D8F99009F9131 /* MaskCollectionCell.swift */; };
		F15456DF1E9D92AE009F9131 /* deviceOrientation.swift in Sources */ = {isa = PBXBuildFile; fileRef = F15456DE1E9D92AE009F9131 /* deviceOrientation.swift */; };
/* End PBXBuildFile section */

/* Begin PBXCopyFilesBuildPhase section */
		F15456D31E9D8E4F009F9131 /* Embed Frameworks */ = {
			isa = PBXCopyFilesBuildPhase;
			buildActionMask = 2147483647;
			dstPath = "";
			dstSubfolderSpec = 10;
			files = (
				F15456D21E9D8E4F009F9131 /* FaceTracker.framework in Embed Frameworks */,
			);
			name = "Embed Frameworks";
			runOnlyForDeploymentPostprocessing = 0;
		};
/* End PBXCopyFilesBuildPhase section */

/* Begin PBXFileReference section */
		F15456BB1E9D8E05009F9131 /* MaskieNF.app */ = {isa = PBXFileReference; explicitFileType = wrapper.application; includeInIndex = 0; path = MaskieNF.app; sourceTree = BUILT_PRODUCTS_DIR; };
		F15456BE1E9D8E06009F9131 /* AppDelegate.swift */ = {isa = PBXFileReference; lastKnownFileType = sourcecode.swift; path = AppDelegate.swift; sourceTree = "<group>"; };
		F15456C01E9D8E06009F9131 /* ViewController.swift */ = {isa = PBXFileReference; lastKnownFileType = sourcecode.swift; path = ViewController.swift; sourceTree = "<group>"; };
		F15456C31E9D8E06009F9131 /* Base */ = {isa = PBXFileReference; lastKnownFileType = file.storyboard; name = Base; path = Base.lproj/Main.storyboard; sourceTree = "<group>"; };
		F15456C51E9D8E06009F9131 /* Assets.xcassets */ = {isa = PBXFileReference; lastKnownFileType = folder.assetcatalog; path = Assets.xcassets; sourceTree = "<group>"; };
		F15456C81E9D8E07009F9131 /* Base */ = {isa = PBXFileReference; lastKnownFileType = file.storyboard; name = Base; path = Base.lproj/LaunchScreen.storyboard; sourceTree = "<group>"; };
		F15456CA1E9D8E07009F9131 /* Info.plist */ = {isa = PBXFileReference; lastKnownFileType = text.plist.xml; path = Info.plist; sourceTree = "<group>"; };
		F15456D01E9D8E4F009F9131 /* FaceTracker.framework */ = {isa = PBXFileReference; lastKnownFileType = wrapper.framework; path = FaceTracker.framework; sourceTree = "<group>"; };
		F15456D41E9D8F99009F9131 /* masks.swift */ = {isa = PBXFileReference; fileEncoding = 4; lastKnownFileType = sourcecode.swift; path = masks.swift; sourceTree = "<group>"; };
		F15456D51E9D8F99009F9131 /* PlistHelper.swift */ = {isa = PBXFileReference; fileEncoding = 4; lastKnownFileType = sourcecode.swift; path = PlistHelper.swift; sourceTree = "<group>"; };
		F15456D61E9D8F99009F9131 /* extensionFacePoints.swift */ = {isa = PBXFileReference; fileEncoding = 4; lastKnownFileType = sourcecode.swift; path = extensionFacePoints.swift; sourceTree = "<group>"; };
		F15456D71E9D8F99009F9131 /* latestState.plist */ = {isa = PBXFileReference; fileEncoding = 4; lastKnownFileType = text.plist.xml; path = latestState.plist; sourceTree = "<group>"; };
		F15456D81E9D8F99009F9131 /* MaskCollectionCell.swift */ = {isa = PBXFileReference; fileEncoding = 4; lastKnownFileType = sourcecode.swift; path = MaskCollectionCell.swift; sourceTree = "<group>"; };
		F15456DE1E9D92AE009F9131 /* deviceOrientation.swift */ = {isa = PBXFileReference; fileEncoding = 4; lastKnownFileType = sourcecode.swift; path = deviceOrientation.swift; sourceTree = "<group>"; };
/* End PBXFileReference section */

/* Begin PBXFrameworksBuildPhase section */
		F15456B81E9D8E05009F9131 /* Frameworks */ = {
			isa = PBXFrameworksBuildPhase;
			buildActionMask = 2147483647;
			files = (
				F15456D11E9D8E4F009F9131 /* FaceTracker.framework in Frameworks */,
			);
			runOnlyForDeploymentPostprocessing = 0;
		};
/* End PBXFrameworksBuildPhase section */

/* Begin PBXGroup section */
		F15456B21E9D8E05009F9131 = {
			isa = PBXGroup;
			children = (
				F15456D01E9D8E4F009F9131 /* FaceTracker.framework */,
				F15456BD1E9D8E05009F9131 /* MaskieNF */,
				F15456BC1E9D8E05009F9131 /* Products */,
			);
			sourceTree = "<group>";
		};
		F15456BC1E9D8E05009F9131 /* Products */ = {
			isa = PBXGroup;
			children = (
				F15456BB1E9D8E05009F9131 /* MaskieNF.app */,
			);
			name = Products;
			sourceTree = "<group>";
		};
		F15456BD1E9D8E05009F9131 /* MaskieNF */ = {
			isa = PBXGroup;
			children = (
				F15456BE1E9D8E06009F9131 /* AppDelegate.swift */,
				F15456D41E9D8F99009F9131 /* masks.swift */,
				F15456D51E9D8F99009F9131 /* PlistHelper.swift */,
				F15456D61E9D8F99009F9131 /* extensionFacePoints.swift */,
				F15456D71E9D8F99009F9131 /* latestState.plist */,
				F15456D81E9D8F99009F9131 /* MaskCollectionCell.swift */,
				F15456C01E9D8E06009F9131 /* ViewController.swift */,
				F15456DE1E9D92AE009F9131 /* deviceOrientation.swift */,
				F15456C21E9D8E06009F9131 /* Main.storyboard */,
				F15456C51E9D8E06009F9131 /* Assets.xcassets */,
				F15456C71E9D8E07009F9131 /* LaunchScreen.storyboard */,
				F15456CA1E9D8E07009F9131 /* Info.plist */,
			);
			path = MaskieNF;
			sourceTree = "<group>";
		};
/* End PBXGroup section */

/* Begin PBXNativeTarget section */
		F15456BA1E9D8E05009F9131 /* MaskieNF */ = {
			isa = PBXNativeTarget;
			buildConfigurationList = F15456CD1E9D8E07009F9131 /* Build configuration list for PBXNativeTarget "MaskieNF" */;
			buildPhases = (
				F15456B71E9D8E05009F9131 /* Sources */,
				F15456B81E9D8E05009F9131 /* Frameworks */,
				F15456B91E9D8E05009F9131 /* Resources */,
				F15456D31E9D8E4F009F9131 /* Embed Frameworks */,
			);
			buildRules = (
			);
			dependencies = (
			);
			name = MaskieNF;
			productName = MaskieNF;
			productReference = F15456BB1E9D8E05009F9131 /* MaskieNF.app */;
			productType = "com.apple.product-type.application";
		};
/* End PBXNativeTarget section */

/* Begin PBXProject section */
		F15456B31E9D8E05009F9131 /* Project object */ = {
			isa = PBXProject;
			attributes = {
				LastSwiftUpdateCheck = 0820;
				LastUpgradeCheck = 0820;
				ORGANIZATIONNAME = "Ignacio Porris Gomez";
				TargetAttributes = {
					F15456BA1E9D8E05009F9131 = {
						CreatedOnToolsVersion = 8.2.1;
						DevelopmentTeam = QCDKSA2TNF;
						ProvisioningStyle = Automatic;
					};
				};
			};
			buildConfigurationList = F15456B61E9D8E05009F9131 /* Build configuration list for PBXProject "MaskieNF" */;
			compatibilityVersion = "Xcode 3.2";
			developmentRegion = English;
			hasScannedForEncodings = 0;
			knownRegions = (
				en,
				Base,
			);
			mainGroup = F15456B21E9D8E05009F9131;
			productRefGroup = F15456BC1E9D8E05009F9131 /* Products */;
			projectDirPath = "";
			projectRoot = "";
			targets = (
				F15456BA1E9D8E05009F9131 /* MaskieNF */,
			);
		};
/* End PBXProject section */

/* Begin PBXResourcesBuildPhase section */
		F15456B91E9D8E05009F9131 /* Resources */ = {
			isa = PBXResourcesBuildPhase;
			buildActionMask = 2147483647;
			files = (
				F15456C91E9D8E07009F9131 /* LaunchScreen.storyboard in Resources */,
				F15456DC1E9D8F99009F9131 /* latestState.plist in Resources */,
				F15456C61E9D8E06009F9131 /* Assets.xcassets in Resources */,
				F15456C41E9D8E06009F9131 /* Main.storyboard in Resources */,
			);
			runOnlyForDeploymentPostprocessing = 0;
		};
/* End PBXResourcesBuildPhase section */

/* Begin PBXSourcesBuildPhase section */
		F15456B71E9D8E05009F9131 /* Sources */ = {
			isa = PBXSourcesBuildPhase;
			buildActionMask = 2147483647;
			files = (
				F15456DB1E9D8F99009F9131 /* extensionFacePoints.swift in Sources */,
				F15456DA1E9D8F99009F9131 /* PlistHelper.swift in Sources */,
				F15456C11E9D8E06009F9131 /* ViewController.swift in Sources */,
				F15456DD1E9D8F99009F9131 /* MaskCollectionCell.swift in Sources */,
				F15456D91E9D8F99009F9131 /* masks.swift in Sources */,
				F15456DF1E9D92AE009F9131 /* deviceOrientation.swift in Sources */,
				F15456BF1E9D8E06009F9131 /* AppDelegate.swift in Sources */,
			);
			runOnlyForDeploymentPostprocessing = 0;
		};
/* End PBXSourcesBuildPhase section */

/* Begin PBXVariantGroup section */
		F15456C21E9D8E06009F9131 /* Main.storyboard */ = {
			isa = PBXVariantGroup;
			children = (
				F15456C31E9D8E06009F9131 /* Base */,
			);
			name = Main.storyboard;
			sourceTree = "<group>";
		};
		F15456C71E9D8E07009F9131 /* LaunchScreen.storyboard */ = {
			isa = PBXVariantGroup;
			children = (
				F15456C81E9D8E07009F9131 /* Base */,
			);
			name = LaunchScreen.storyboard;
			sourceTree = "<group>";
		};
/* End PBXVariantGroup section */

/* Begin XCBuildConfiguration section */
		F15456CB1E9D8E07009F9131 /* Debug */ = {
			isa = XCBuildConfiguration;
			buildSettings = {
				ALWAYS_SEARCH_USER_PATHS = NO;
				CLANG_ANALYZER_NONNULL = YES;
				CLANG_CXX_LANGUAGE_STANDARD = "gnu++0x";
				CLANG_CXX_LIBRARY = "libc++";
				CLANG_ENABLE_MODULES = YES;
				CLANG_ENABLE_OBJC_ARC = YES;
				CLANG_WARN_BOOL_CONVERSION = YES;
				CLANG_WARN_CONSTANT_CONVERSION = YES;
				CLANG_WARN_DIRECT_OBJC_ISA_USAGE = YES_ERROR;
				CLANG_WARN_DOCUMENTATION_COMMENTS = YES;
				CLANG_WARN_EMPTY_BODY = YES;
				CLANG_WARN_ENUM_CONVERSION = YES;
				CLANG_WARN_INFINITE_RECURSION = YES;
				CLANG_WARN_INT_CONVERSION = YES;
				CLANG_WARN_OBJC_ROOT_CLASS = YES_ERROR;
				CLANG_WARN_SUSPICIOUS_MOVE = YES;
				CLANG_WARN_UNREACHABLE_CODE = YES;
				CLANG_WARN__DUPLICATE_METHOD_MATCH = YES;
				"CODE_SIGN_IDENTITY[sdk=iphoneos*]" = "iPhone Developer";
				COPY_PHASE_STRIP = NO;
				DEBUG_INFORMATION_FORMAT = dwarf;
				ENABLE_STRICT_OBJC_MSGSEND = YES;
				ENABLE_TESTABILITY = YES;
				GCC_C_LANGUAGE_STANDARD = gnu99;
				GCC_DYNAMIC_NO_PIC = NO;
				GCC_NO_COMMON_BLOCKS = YES;
				GCC_OPTIMIZATION_LEVEL = 0;
				GCC_PREPROCESSOR_DEFINITIONS = (
					"DEBUG=1",
					"$(inherited)",
				);
				GCC_WARN_64_TO_32_BIT_CONVERSION = YES;
				GCC_WARN_ABOUT_RETURN_TYPE = YES_ERROR;
				GCC_WARN_UNDECLARED_SELECTOR = YES;
				GCC_WARN_UNINITIALIZED_AUTOS = YES_AGGRESSIVE;
				GCC_WARN_UNUSED_FUNCTION = YES;
				GCC_WARN_UNUSED_VARIABLE = YES;
				IPHONEOS_DEPLOYMENT_TARGET = 10.2;
				MTL_ENABLE_DEBUG_INFO = YES;
				ONLY_ACTIVE_ARCH = YES;
				SDKROOT = iphoneos;
				SWIFT_ACTIVE_COMPILATION_CONDITIONS = DEBUG;
				SWIFT_OPTIMIZATION_LEVEL = "-Onone";
				TARGETED_DEVICE_FAMILY = "1,2";
			};
			name = Debug;
		};
		F15456CC1E9D8E07009F9131 /* Release */ = {
			isa = XCBuildConfiguration;
			buildSettings = {
				ALWAYS_SEARCH_USER_PATHS = NO;
				CLANG_ANALYZER_NONNULL = YES;
				CLANG_CXX_LANGUAGE_STANDARD = "gnu++0x";
				CLANG_CXX_LIBRARY = "libc++";
				CLANG_ENABLE_MODULES = YES;
				CLANG_ENABLE_OBJC_ARC = YES;
				CLANG_WARN_BOOL_CONVERSION = YES;
				CLANG_WARN_CONSTANT_CONVERSION = YES;
				CLANG_WARN_DIRECT_OBJC_ISA_USAGE = YES_ERROR;
				CLANG_WARN_DOCUMENTATION_COMMENTS = YES;
				CLANG_WARN_EMPTY_BODY = YES;
				CLANG_WARN_ENUM_CONVERSION = YES;
				CLANG_WARN_INFINITE_RECURSION = YES;
				CLANG_WARN_INT_CONVERSION = YES;
				CLANG_WARN_OBJC_ROOT_CLASS = YES_ERROR;
				CLANG_WARN_SUSPICIOUS_MOVE = YES;
				CLANG_WARN_UNREACHABLE_CODE = YES;
				CLANG_WARN__DUPLICATE_METHOD_MATCH = YES;
				"CODE_SIGN_IDENTITY[sdk=iphoneos*]" = "iPhone Developer";
				COPY_PHASE_STRIP = NO;
				DEBUG_INFORMATION_FORMAT = "dwarf-with-dsym";
				ENABLE_NS_ASSERTIONS = NO;
				ENABLE_STRICT_OBJC_MSGSEND = YES;
				GCC_C_LANGUAGE_STANDARD = gnu99;
				GCC_NO_COMMON_BLOCKS = YES;
				GCC_WARN_64_TO_32_BIT_CONVERSION = YES;
				GCC_WARN_ABOUT_RETURN_TYPE = YES_ERROR;
				GCC_WARN_UNDECLARED_SELECTOR = YES;
				GCC_WARN_UNINITIALIZED_AUTOS = YES_AGGRESSIVE;
				GCC_WARN_UNUSED_FUNCTION = YES;
				GCC_WARN_UNUSED_VARIABLE = YES;
				IPHONEOS_DEPLOYMENT_TARGET = 10.2;
				MTL_ENABLE_DEBUG_INFO = NO;
				SDKROOT = iphoneos;
				SWIFT_OPTIMIZATION_LEVEL = "-Owholemodule";
				TARGETED_DEVICE_FAMILY = "1,2";
				VALIDATE_PRODUCT = YES;
			};
			name = Release;
		};
		F15456CE1E9D8E07009F9131 /* Debug */ = {
			isa = XCBuildConfiguration;
			buildSettings = {
				ASSETCATALOG_COMPILER_APPICON_NAME = AppIcon;
				DEVELOPMENT_TEAM = QCDKSA2TNF;
				ENABLE_BITCODE = NO;
				FRAMEWORK_SEARCH_PATHS = (
					"$(inherited)",
					"$(PROJECT_DIR)",
				);
				INFOPLIST_FILE = MaskieNF/Info.plist;
				LD_RUNPATH_SEARCH_PATHS = "$(inherited) @executable_path/Frameworks";
				PRODUCT_BUNDLE_IDENTIFIER = NCH.MaskieNF;
				PRODUCT_NAME = "$(TARGET_NAME)";
				SWIFT_VERSION = 3.0;
			};
			name = Debug;
		};
		F15456CF1E9D8E07009F9131 /* Release */ = {
			isa = XCBuildConfiguration;
			buildSettings = {
				ASSETCATALOG_COMPILER_APPICON_NAME = AppIcon;
				DEVELOPMENT_TEAM = QCDKSA2TNF;
				ENABLE_BITCODE = NO;
				FRAMEWORK_SEARCH_PATHS = (
					"$(inherited)",
					"$(PROJECT_DIR)",
				);
				INFOPLIST_FILE = MaskieNF/Info.plist;
				LD_RUNPATH_SEARCH_PATHS = "$(inherited) @executable_path/Frameworks";
				PRODUCT_BUNDLE_IDENTIFIER = NCH.MaskieNF;
				PRODUCT_NAME = "$(TARGET_NAME)";
				SWIFT_VERSION = 3.0;
			};
			name = Release;
		};
/* End XCBuildConfiguration section */

/* Begin XCConfigurationList section */
		F15456B61E9D8E05009F9131 /* Build configuration list for PBXProject "MaskieNF" */ = {
			isa = XCConfigurationList;
			buildConfigurations = (
				F15456CB1E9D8E07009F9131 /* Debug */,
				F15456CC1E9D8E07009F9131 /* Release */,
			);
			defaultConfigurationIsVisible = 0;
			defaultConfigurationName = Release;
		};
		F15456CD1E9D8E07009F9131 /* Build configuration list for PBXNativeTarget "MaskieNF" */ = {
			isa = XCConfigurationList;
			buildConfigurations = (
				F15456CE1E9D8E07009F9131 /* Debug */,
				F15456CF1E9D8E07009F9131 /* Release */,
			);
			defaultConfigurationIsVisible = 0;
		};
/* End XCConfigurationList section */
	};
	rootObject = F15456B31E9D8E05009F9131 /* Project object */;
}
